# THIS IS AN AUTOGENERATED FILE. DO NOT EDIT THIS FILE DIRECTLY.
# yarn lockfile v1


"zenn-cli@^0.1.153":
  "integrity" "sha512-MLIdtRW2arQBuVCKlWrMF4eFZGkvmswrcc0OvgxmQs9w9/9rODfoyFK9nQQwrgyUwlxDzhUa/oAO6nks4GY5DA=="
  "resolved" "https://registry.npmjs.org/zenn-cli/-/zenn-cli-0.1.153.tgz"
  "version" "0.1.153"
